
Microsoft Visual Studio Solution File, Format Version 12.00
# Visual Studio Version 16
VisualStudioVersion = 16.0.30523.141
MinimumVisualStudioVersion = 10.0.40219.1
Project("{FAE04EC0-301F-11D3-BF4B-00C04F79EFBC}") = "EdgeToolbox", "EdgeToolbox\EdgeToolbox.csproj", "{6417974B-2037-4F27-9131-8342A994D7EA}"
EndProject
Global
	GlobalSection(SolutionConfigurationPlatforms) = preSolution
		Debug|Any CPU = Debug|Any CPU
		Release|Any CPU = Release|Any CPU
	EndGlobalSection
	GlobalSection(ProjectConfigurationPlatforms) = postSolution
		{6417974B-2037-4F27-9131-8342A994D7EA}.Debug|Any CPU.ActiveCfg = Debug|Any CPU
		{6417974B-2037-4F27-9131-8342A994D7EA}.Debug|Any CPU.Build.0 = Debug|Any CPU
		{6417974B-2037-4F27-9131-8342A994D7EA}.Release|Any CPU.ActiveCfg = Release|Any CPU
		{6417974B-2037-4F27-9131-8342A994D7EA}.Release|Any CPU.Build.0 = Release|Any CPU
	EndGlobalSection
	GlobalSection(SolutionProperties) = preSolution
		HideSolutionNode = FALSE
	EndGlobalSection
	GlobalSection(ExtensibilityGlobals) = postSolution
		SolutionGuid = {12EE85D5-82BC-4601-8727-0683D1C271CC}
	EndGlobalSection
EndGlobal
